
Microsoft Visual Studio Solution File, Format Version 12.00
# Visual Studio Version 16
VisualStudioVersion = 16.0.30114.105
MinimumVisualStudioVersion = 10.0.40219.1
Project("{FAE04EC0-301F-11D3-BF4B-00C04F79EFBC}") = "JDUtils", "JDUtils\JDUtils.csproj", "{95A9BB9D-24DB-4CB9-90F6-3EC8D722F14E}"
EndProject
Project("{FAE04EC0-301F-11D3-BF4B-00C04F79EFBC}") = "JD.NET", "JD.NET\JD.NET.csproj", "{B570FE5A-A17B-403B-BEE9-45A15ECF92CD}"
EndProject
Project("{FAE04EC0-301F-11D3-BF4B-00C04F79EFBC}") = "JDTests", "JDTests\JDTests.csproj", "{55336BF3-2445-45D8-BB20-9FE34933D3F9}"
EndProject
Project("{FAE04EC0-301F-11D3-BF4B-00C04F79EFBC}") = "OTJD", "OTJD\OTJD.csproj", "{939E7B2B-33E8-47D3-BD04-986500E24B10}"
EndProject
Global
	GlobalSection(SolutionConfigurationPlatforms) = preSolution
		Debug|Any CPU = Debug|Any CPU
		Debug|x64 = Debug|x64
		Debug|x86 = Debug|x86
		Release|Any CPU = Release|Any CPU
		Release|x64 = Release|x64
		Release|x86 = Release|x86
	EndGlobalSection
	GlobalSection(SolutionProperties) = preSolution
		HideSolutionNode = FALSE
	EndGlobalSection
	GlobalSection(ProjectConfigurationPlatforms) = postSolution
		{95A9BB9D-24DB-4CB9-90F6-3EC8D722F14E}.Debug|Any CPU.ActiveCfg = Debug|Any CPU
		{95A9BB9D-24DB-4CB9-90F6-3EC8D722F14E}.Debug|Any CPU.Build.0 = Debug|Any CPU
		{95A9BB9D-24DB-4CB9-90F6-3EC8D722F14E}.Debug|x64.ActiveCfg = Debug|Any CPU
		{95A9BB9D-24DB-4CB9-90F6-3EC8D722F14E}.Debug|x64.Build.0 = Debug|Any CPU
		{95A9BB9D-24DB-4CB9-90F6-3EC8D722F14E}.Debug|x86.ActiveCfg = Debug|Any CPU
		{95A9BB9D-24DB-4CB9-90F6-3EC8D722F14E}.Debug|x86.Build.0 = Debug|Any CPU
		{95A9BB9D-24DB-4CB9-90F6-3EC8D722F14E}.Release|Any CPU.ActiveCfg = Release|Any CPU
		{95A9BB9D-24DB-4CB9-90F6-3EC8D722F14E}.Release|Any CPU.Build.0 = Release|Any CPU
		{95A9BB9D-24DB-4CB9-90F6-3EC8D722F14E}.Release|x64.ActiveCfg = Release|Any CPU
		{95A9BB9D-24DB-4CB9-90F6-3EC8D722F14E}.Release|x64.Build.0 = Release|Any CPU
		{95A9BB9D-24DB-4CB9-90F6-3EC8D722F14E}.Release|x86.ActiveCfg = Release|Any CPU
		{95A9BB9D-24DB-4CB9-90F6-3EC8D722F14E}.Release|x86.Build.0 = Release|Any CPU
		{B570FE5A-A17B-403B-BEE9-45A15ECF92CD}.Debug|Any CPU.ActiveCfg = Debug|Any CPU
		{B570FE5A-A17B-403B-BEE9-45A15ECF92CD}.Debug|Any CPU.Build.0 = Debug|Any CPU
		{B570FE5A-A17B-403B-BEE9-45A15ECF92CD}.Debug|x64.ActiveCfg = Debug|Any CPU
		{B570FE5A-A17B-403B-BEE9-45A15ECF92CD}.Debug|x64.Build.0 = Debug|Any CPU
		{B570FE5A-A17B-403B-BEE9-45A15ECF92CD}.Debug|x86.ActiveCfg = Debug|Any CPU
		{B570FE5A-A17B-403B-BEE9-45A15ECF92CD}.Debug|x86.Build.0 = Debug|Any CPU
		{B570FE5A-A17B-403B-BEE9-45A15ECF92CD}.Release|Any CPU.ActiveCfg = Debug|Any CPU
		{B570FE5A-A17B-403B-BEE9-45A15ECF92CD}.Release|Any CPU.Build.0 = Debug|Any CPU
		{B570FE5A-A17B-403B-BEE9-45A15ECF92CD}.Release|x64.ActiveCfg = Debug|Any CPU
		{B570FE5A-A17B-403B-BEE9-45A15ECF92CD}.Release|x64.Build.0 = Debug|Any CPU
		{B570FE5A-A17B-403B-BEE9-45A15ECF92CD}.Release|x86.ActiveCfg = Debug|Any CPU
		{B570FE5A-A17B-403B-BEE9-45A15ECF92CD}.Release|x86.Build.0 = Debug|Any CPU
		{55336BF3-2445-45D8-BB20-9FE34933D3F9}.Debug|Any CPU.ActiveCfg = Debug|Any CPU
		{55336BF3-2445-45D8-BB20-9FE34933D3F9}.Debug|Any CPU.Build.0 = Debug|Any CPU
		{55336BF3-2445-45D8-BB20-9FE34933D3F9}.Debug|x64.ActiveCfg = Debug|Any CPU
		{55336BF3-2445-45D8-BB20-9FE34933D3F9}.Debug|x64.Build.0 = Debug|Any CPU
		{55336BF3-2445-45D8-BB20-9FE34933D3F9}.Debug|x86.ActiveCfg = Debug|Any CPU
		{55336BF3-2445-45D8-BB20-9FE34933D3F9}.Debug|x86.Build.0 = Debug|Any CPU
		{55336BF3-2445-45D8-BB20-9FE34933D3F9}.Release|Any CPU.ActiveCfg = Release|Any CPU
		{55336BF3-2445-45D8-BB20-9FE34933D3F9}.Release|Any CPU.Build.0 = Release|Any CPU
		{55336BF3-2445-45D8-BB20-9FE34933D3F9}.Release|x64.ActiveCfg = Release|Any CPU
		{55336BF3-2445-45D8-BB20-9FE34933D3F9}.Release|x64.Build.0 = Release|Any CPU
		{55336BF3-2445-45D8-BB20-9FE34933D3F9}.Release|x86.ActiveCfg = Release|Any CPU
		{55336BF3-2445-45D8-BB20-9FE34933D3F9}.Release|x86.Build.0 = Release|Any CPU
		{939E7B2B-33E8-47D3-BD04-986500E24B10}.Debug|Any CPU.ActiveCfg = Debug|Any CPU
		{939E7B2B-33E8-47D3-BD04-986500E24B10}.Debug|Any CPU.Build.0 = Debug|Any CPU
		{939E7B2B-33E8-47D3-BD04-986500E24B10}.Debug|x64.ActiveCfg = Debug|Any CPU
		{939E7B2B-33E8-47D3-BD04-986500E24B10}.Debug|x64.Build.0 = Debug|Any CPU
		{939E7B2B-33E8-47D3-BD04-986500E24B10}.Debug|x86.ActiveCfg = Debug|Any CPU
		{939E7B2B-33E8-47D3-BD04-986500E24B10}.Debug|x86.Build.0 = Debug|Any CPU
		{939E7B2B-33E8-47D3-BD04-986500E24B10}.Release|Any CPU.ActiveCfg = Release|Any CPU
		{939E7B2B-33E8-47D3-BD04-986500E24B10}.Release|Any CPU.Build.0 = Release|Any CPU
		{939E7B2B-33E8-47D3-BD04-986500E24B10}.Release|x64.ActiveCfg = Release|Any CPU
		{939E7B2B-33E8-47D3-BD04-986500E24B10}.Release|x64.Build.0 = Release|Any CPU
		{939E7B2B-33E8-47D3-BD04-986500E24B10}.Release|x86.ActiveCfg = Release|Any CPU
		{939E7B2B-33E8-47D3-BD04-986500E24B10}.Release|x86.Build.0 = Release|Any CPU
	EndGlobalSection
EndGlobal
